
Microsoft Visual Studio Solution File, Format Version 12.00
# Visual Studio Version 17
VisualStudioVersion = 17.12.35521.163 d17.12
MinimumVisualStudioVersion = 10.0.40219.1
Project("{FAE04EC0-301F-11D3-BF4B-00C04F79EFBC}") = "smsender", "smsender.csproj", "{1811CF56-B80D-47AD-A7A5-32D4A7E5B910}"
EndProject
Global
	GlobalSection(SolutionConfigurationPlatforms) = preSolution
		Debug|Any CPU = Debug|Any CPU
		Release|Any CPU = Release|Any CPU
	EndGlobalSection
	GlobalSection(ProjectConfigurationPlatforms) = postSolution
		{1811CF56-B80D-47AD-A7A5-32D4A7E5B910}.Debug|Any CPU.ActiveCfg = Debug|Any CPU
		{1811CF56-B80D-47AD-A7A5-32D4A7E5B910}.Debug|Any CPU.Build.0 = Debug|Any CPU
		{1811CF56-B80D-47AD-A7A5-32D4A7E5B910}.Release|Any CPU.ActiveCfg = Release|Any CPU
		{1811CF56-B80D-47AD-A7A5-32D4A7E5B910}.Release|Any CPU.Build.0 = Release|Any CPU
	EndGlobalSection
	GlobalSection(SolutionProperties) = preSolution
		HideSolutionNode = FALSE
	EndGlobalSection
EndGlobal
